// !$*UTF8*$!
{
	archiveVersion = 1;
	classes = {
	};
	objectVersion = 55;
	objects = {

/* Begin PBXBuildFile section */
		2496424027E158C200A8F38A /* Data.swift in Sources */ = {isa = PBXBuildFile; fileRef = 2496423F27E158C200A8F38A /* Data.swift */; };
		2496424627E3587400A8F38A /* MaterialContentView.swift in Sources */ = {isa = PBXBuildFile; fileRef = 2496424527E3587400A8F38A /* MaterialContentView.swift */; };
		24B4157227EAB2B600B82EF4 /* OrderEditingView.swift in Sources */ = {isa = PBXBuildFile; fileRef = 24B4157127EAB2B600B82EF4 /* OrderEditingView.swift */; };
		24B4157427EB7AAB00B82EF4 /* MyMaterialsView.swift in Sources */ = {isa = PBXBuildFile; fileRef = 24B4157327EB7AAB00B82EF4 /* MyMaterialsView.swift */; };
		24E980FD27DF5627002EE0D8 /* MamamiaSalesBookApp.swift in Sources */ = {isa = PBXBuildFile; fileRef = 24E980FC27DF5627002EE0D8 /* MamamiaSalesBookApp.swift */; };
		24E980FF27DF5627002EE0D8 /* MainView.swift in Sources */ = {isa = PBXBuildFile; fileRef = 24E980FE27DF5627002EE0D8 /* MainView.swift */; };
		24E9810127DF5629002EE0D8 /* Assets.xcassets in Resources */ = {isa = PBXBuildFile; fileRef = 24E9810027DF5629002EE0D8 /* Assets.xcassets */; };
		24E9810427DF5629002EE0D8 /* Preview Assets.xcassets in Resources */ = {isa = PBXBuildFile; fileRef = 24E9810327DF5629002EE0D8 /* Preview Assets.xcassets */; };
		24E9810B27DF58F7002EE0D8 /* SalesManagementView.swift in Sources */ = {isa = PBXBuildFile; fileRef = 24E9810A27DF58F7002EE0D8 /* SalesManagementView.swift */; };
		24E9810D27DF6A5F002EE0D8 /* ProductManegementView.swift in Sources */ = {isa = PBXBuildFile; fileRef = 24E9810C27DF6A5F002EE0D8 /* ProductManegementView.swift */; };
		24E9810F27DF6A92002EE0D8 /* MaterialManegementView.swift in Sources */ = {isa = PBXBuildFile; fileRef = 24E9810E27DF6A92002EE0D8 /* MaterialManegementView.swift */; };
		24E9811127DF6B09002EE0D8 /* OrderAdditionView.swift in Sources */ = {isa = PBXBuildFile; fileRef = 24E9811027DF6B09002EE0D8 /* OrderAdditionView.swift */; };
/* End PBXBuildFile section */

/* Begin PBXFileReference section */
		2496423F27E158C200A8F38A /* Data.swift */ = {isa = PBXFileReference; lastKnownFileType = sourcecode.swift; path = Data.swift; sourceTree = "<group>"; };
		2496424527E3587400A8F38A /* MaterialContentView.swift */ = {isa = PBXFileReference; lastKnownFileType = sourcecode.swift; path = MaterialContentView.swift; sourceTree = "<group>"; };
		24B4157127EAB2B600B82EF4 /* OrderEditingView.swift */ = {isa = PBXFileReference; lastKnownFileType = sourcecode.swift; path = OrderEditingView.swift; sourceTree = "<group>"; };
		24B4157327EB7AAB00B82EF4 /* MyMaterialsView.swift */ = {isa = PBXFileReference; lastKnownFileType = sourcecode.swift; path = MyMaterialsView.swift; sourceTree = "<group>"; };
		24E980F927DF5627002EE0D8 /* MamamiaSalesBook.app */ = {isa = PBXFileReference; explicitFileType = wrapper.application; includeInIndex = 0; path = MamamiaSalesBook.app; sourceTree = BUILT_PRODUCTS_DIR; };
		24E980FC27DF5627002EE0D8 /* MamamiaSalesBookApp.swift */ = {isa = PBXFileReference; lastKnownFileType = sourcecode.swift; path = MamamiaSalesBookApp.swift; sourceTree = "<group>"; };
		24E980FE27DF5627002EE0D8 /* MainView.swift */ = {isa = PBXFileReference; lastKnownFileType = sourcecode.swift; path = MainView.swift; sourceTree = "<group>"; };
		24E9810027DF5629002EE0D8 /* Assets.xcassets */ = {isa = PBXFileReference; lastKnownFileType = folder.assetcatalog; path = Assets.xcassets; sourceTree = "<group>"; };
		24E9810327DF5629002EE0D8 /* Preview Assets.xcassets */ = {isa = PBXFileReference; lastKnownFileType = folder.assetcatalog; path = "Preview Assets.xcassets"; sourceTree = "<group>"; };
		24E9810A27DF58F7002EE0D8 /* SalesManagementView.swift */ = {isa = PBXFileReference; lastKnownFileType = sourcecode.swift; path = SalesManagementView.swift; sourceTree = "<group>"; };
		24E9810C27DF6A5F002EE0D8 /* ProductManegementView.swift */ = {isa = PBXFileReference; lastKnownFileType = sourcecode.swift; path = ProductManegementView.swift; sourceTree = "<group>"; };
		24E9810E27DF6A92002EE0D8 /* MaterialManegementView.swift */ = {isa = PBXFileReference; lastKnownFileType = sourcecode.swift; path = MaterialManegementView.swift; sourceTree = "<group>"; };
		24E9811027DF6B09002EE0D8 /* OrderAdditionView.swift */ = {isa = PBXFileReference; lastKnownFileType = sourcecode.swift; path = OrderAdditionView.swift; sourceTree = "<group>"; };
/* End PBXFileReference section */

/* Begin PBXFrameworksBuildPhase section */
		24E980F627DF5627002EE0D8 /* Frameworks */ = {
			isa = PBXFrameworksBuildPhase;
			buildActionMask = 2147483647;
			files = (
			);
			runOnlyForDeploymentPostprocessing = 0;
		};
/* End PBXFrameworksBuildPhase section */

/* Begin PBXGroup section */
		24E980F027DF5627002EE0D8 = {
			isa = PBXGroup;
			children = (
				24E980FB27DF5627002EE0D8 /* MamamiaSalesBook */,
				24E980FA27DF5627002EE0D8 /* Products */,
			);
			sourceTree = "<group>";
		};
		24E980FA27DF5627002EE0D8 /* Products */ = {
			isa = PBXGroup;
			children = (
				24E980F927DF5627002EE0D8 /* MamamiaSalesBook.app */,
			);
			name = Products;
			sourceTree = "<group>";
		};
		24E980FB27DF5627002EE0D8 /* MamamiaSalesBook */ = {
			isa = PBXGroup;
			children = (
				24E9811227DF7136002EE0D8 /* View */,
				24E980FC27DF5627002EE0D8 /* MamamiaSalesBookApp.swift */,
				2496423F27E158C200A8F38A /* Data.swift */,
				24E9810027DF5629002EE0D8 /* Assets.xcassets */,
				24E9810227DF5629002EE0D8 /* Preview Content */,
			);
			path = MamamiaSalesBook;
			sourceTree = "<group>";
		};
		24E9810227DF5629002EE0D8 /* Preview Content */ = {
			isa = PBXGroup;
			children = (
				24E9810327DF5629002EE0D8 /* Preview Assets.xcassets */,
			);
			path = "Preview Content";
			sourceTree = "<group>";
		};
		24E9811227DF7136002EE0D8 /* View */ = {
			isa = PBXGroup;
			children = (
				24E9810C27DF6A5F002EE0D8 /* ProductManegementView.swift */,
				24E980FE27DF5627002EE0D8 /* MainView.swift */,
				24B4157127EAB2B600B82EF4 /* OrderEditingView.swift */,
				24E9811027DF6B09002EE0D8 /* OrderAdditionView.swift */,
				24E9810A27DF58F7002EE0D8 /* SalesManagementView.swift */,
				24E9810E27DF6A92002EE0D8 /* MaterialManegementView.swift */,
				2496424527E3587400A8F38A /* MaterialContentView.swift */,
				24B4157327EB7AAB00B82EF4 /* MyMaterialsView.swift */,
			);
			path = View;
			sourceTree = "<group>";
		};
/* End PBXGroup section */

/* Begin PBXNativeTarget section */
		24E980F827DF5627002EE0D8 /* MamamiaSalesBook */ = {
			isa = PBXNativeTarget;
			buildConfigurationList = 24E9810727DF5629002EE0D8 /* Build configuration list for PBXNativeTarget "MamamiaSalesBook" */;
			buildPhases = (
				24E980F527DF5627002EE0D8 /* Sources */,
				24E980F627DF5627002EE0D8 /* Frameworks */,
				24E980F727DF5627002EE0D8 /* Resources */,
			);
			buildRules = (
			);
			dependencies = (
			);
			name = MamamiaSalesBook;
			productName = MamamiaSalesBook;
			productReference = 24E980F927DF5627002EE0D8 /* MamamiaSalesBook.app */;
			productType = "com.apple.product-type.application";
		};
/* End PBXNativeTarget section */

/* Begin PBXProject section */
		24E980F127DF5627002EE0D8 /* Project object */ = {
			isa = PBXProject;
			attributes = {
				BuildIndependentTargetsInParallel = 1;
				LastSwiftUpdateCheck = 1320;
				LastUpgradeCheck = 1320;
				TargetAttributes = {
					24E980F827DF5627002EE0D8 = {
						CreatedOnToolsVersion = 13.2.1;
					};
				};
			};
			buildConfigurationList = 24E980F427DF5627002EE0D8 /* Build configuration list for PBXProject "MamamiaSalesBook" */;
			compatibilityVersion = "Xcode 13.0";
			developmentRegion = en;
			hasScannedForEncodings = 0;
			knownRegions = (
				en,
				Base,
			);
			mainGroup = 24E980F027DF5627002EE0D8;
			productRefGroup = 24E980FA27DF5627002EE0D8 /* Products */;
			projectDirPath = "";
			projectRoot = "";
			targets = (
				24E980F827DF5627002EE0D8 /* MamamiaSalesBook */,
			);
		};
/* End PBXProject section */

/* Begin PBXResourcesBuildPhase section */
		24E980F727DF5627002EE0D8 /* Resources */ = {
			isa = PBXResourcesBuildPhase;
			buildActionMask = 2147483647;
			files = (
				24E9810427DF5629002EE0D8 /* Preview Assets.xcassets in Resources */,
				24E9810127DF5629002EE0D8 /* Assets.xcassets in Resources */,
			);
			runOnlyForDeploymentPostprocessing = 0;
		};
/* End PBXResourcesBuildPhase section */

/* Begin PBXSourcesBuildPhase section */
		24E980F527DF5627002EE0D8 /* Sources */ = {
			isa = PBXSourcesBuildPhase;
			buildActionMask = 2147483647;
			files = (
				2496424027E158C200A8F38A /* Data.swift in Sources */,
				2496424627E3587400A8F38A /* MaterialContentView.swift in Sources */,
				24B4157227EAB2B600B82EF4 /* OrderEditingView.swift in Sources */,
				24B4157427EB7AAB00B82EF4 /* MyMaterialsView.swift in Sources */,
				24E980FF27DF5627002EE0D8 /* MainView.swift in Sources */,
				24E9810F27DF6A92002EE0D8 /* MaterialManegementView.swift in Sources */,
				24E9811127DF6B09002EE0D8 /* OrderAdditionView.swift in Sources */,
				24E980FD27DF5627002EE0D8 /* MamamiaSalesBookApp.swift in Sources */,
				24E9810B27DF58F7002EE0D8 /* SalesManagementView.swift in Sources */,
				24E9810D27DF6A5F002EE0D8 /* ProductManegementView.swift in Sources */,
			);
			runOnlyForDeploymentPostprocessing = 0;
		};
/* End PBXSourcesBuildPhase section */

/* Begin XCBuildConfiguration section */
		24E9810527DF5629002EE0D8 /* Debug */ = {
			isa = XCBuildConfiguration;
			buildSettings = {
				ALWAYS_SEARCH_USER_PATHS = NO;
				CLANG_ANALYZER_NONNULL = YES;
				CLANG_ANALYZER_NUMBER_OBJECT_CONVERSION = YES_AGGRESSIVE;
				CLANG_CXX_LANGUAGE_STANDARD = "gnu++17";
				CLANG_CXX_LIBRARY = "libc++";
				CLANG_ENABLE_MODULES = YES;
				CLANG_ENABLE_OBJC_ARC = YES;
				CLANG_ENABLE_OBJC_WEAK = YES;
				CLANG_WARN_BLOCK_CAPTURE_AUTORELEASING = YES;
				CLANG_WARN_BOOL_CONVERSION = YES;
				CLANG_WARN_COMMA = YES;
				CLANG_WARN_CONSTANT_CONVERSION = YES;
				CLANG_WARN_DEPRECATED_OBJC_IMPLEMENTATIONS = YES;
				CLANG_WARN_DIRECT_OBJC_ISA_USAGE = YES_ERROR;
				CLANG_WARN_DOCUMENTATION_COMMENTS = YES;
				CLANG_WARN_EMPTY_BODY = YES;
				CLANG_WARN_ENUM_CONVERSION = YES;
				CLANG_WARN_INFINITE_RECURSION = YES;
				CLANG_WARN_INT_CONVERSION = YES;
				CLANG_WARN_NON_LITERAL_NULL_CONVERSION = YES;
				CLANG_WARN_OBJC_IMPLICIT_RETAIN_SELF = YES;
				CLANG_WARN_OBJC_LITERAL_CONVERSION = YES;
				CLANG_WARN_OBJC_ROOT_CLASS = YES_ERROR;
				CLANG_WARN_QUOTED_INCLUDE_IN_FRAMEWORK_HEADER = YES;
				CLANG_WARN_RANGE_LOOP_ANALYSIS = YES;
				CLANG_WARN_STRICT_PROTOTYPES = YES;
				CLANG_WARN_SUSPICIOUS_MOVE = YES;
				CLANG_WARN_UNGUARDED_AVAILABILITY = YES_AGGRESSIVE;
				CLANG_WARN_UNREACHABLE_CODE = YES;
				CLANG_WARN__DUPLICATE_METHOD_MATCH = YES;
				COPY_PHASE_STRIP = NO;
				DEBUG_INFORMATION_FORMAT = dwarf;
				ENABLE_STRICT_OBJC_MSGSEND = YES;
				ENABLE_TESTABILITY = YES;
				GCC_C_LANGUAGE_STANDARD = gnu11;
				GCC_DYNAMIC_NO_PIC = NO;
				GCC_NO_COMMON_BLOCKS = YES;
				GCC_OPTIMIZATION_LEVEL = 0;
				GCC_PREPROCESSOR_DEFINITIONS = (
					"DEBUG=1",
					"$(inherited)",
				);
				GCC_WARN_64_TO_32_BIT_CONVERSION = YES;
				GCC_WARN_ABOUT_RETURN_TYPE = YES_ERROR;
				GCC_WARN_UNDECLARED_SELECTOR = YES;
				GCC_WARN_UNINITIALIZED_AUTOS = YES_AGGRESSIVE;
				GCC_WARN_UNUSED_FUNCTION = YES;
				GCC_WARN_UNUSED_VARIABLE = YES;
				IPHONEOS_DEPLOYMENT_TARGET = 15.2;
				MTL_ENABLE_DEBUG_INFO = INCLUDE_SOURCE;
				MTL_FAST_MATH = YES;
				ONLY_ACTIVE_ARCH = YES;
				SDKROOT = iphoneos;
				SWIFT_ACTIVE_COMPILATION_CONDITIONS = DEBUG;
				SWIFT_OPTIMIZATION_LEVEL = "-Onone";
			};
			name = Debug;
		};
		24E9810627DF5629002EE0D8 /* Release */ = {
			isa = XCBuildConfiguration;
			buildSettings = {
				ALWAYS_SEARCH_USER_PATHS = NO;
				CLANG_ANALYZER_NONNULL = YES;
				CLANG_ANALYZER_NUMBER_OBJECT_CONVERSION = YES_AGGRESSIVE;
				CLANG_CXX_LANGUAGE_STANDARD = "gnu++17";
				CLANG_CXX_LIBRARY = "libc++";
				CLANG_ENABLE_MODULES = YES;
				CLANG_ENABLE_OBJC_ARC = YES;
				CLANG_ENABLE_OBJC_WEAK = YES;
				CLANG_WARN_BLOCK_CAPTURE_AUTORELEASING = YES;
				CLANG_WARN_BOOL_CONVERSION = YES;
				CLANG_WARN_COMMA = YES;
				CLANG_WARN_CONSTANT_CONVERSION = YES;
				CLANG_WARN_DEPRECATED_OBJC_IMPLEMENTATIONS = YES;
				CLANG_WARN_DIRECT_OBJC_ISA_USAGE = YES_ERROR;
				CLANG_WARN_DOCUMENTATION_COMMENTS = YES;
				CLANG_WARN_EMPTY_BODY = YES;
				CLANG_WARN_ENUM_CONVERSION = YES;
				CLANG_WARN_INFINITE_RECURSION = YES;
				CLANG_WARN_INT_CONVERSION = YES;
				CLANG_WARN_NON_LITERAL_NULL_CONVERSION = YES;
				CLANG_WARN_OBJC_IMPLICIT_RETAIN_SELF = YES;
				CLANG_WARN_OBJC_LITERAL_CONVERSION = YES;
				CLANG_WARN_OBJC_ROOT_CLASS = YES_ERROR;
				CLANG_WARN_QUOTED_INCLUDE_IN_FRAMEWORK_HEADER = YES;
				CLANG_WARN_RANGE_LOOP_ANALYSIS = YES;
				CLANG_WARN_STRICT_PROTOTYPES = YES;
				CLANG_WARN_SUSPICIOUS_MOVE = YES;
				CLANG_WARN_UNGUARDED_AVAILABILITY = YES_AGGRESSIVE;
				CLANG_WARN_UNREACHABLE_CODE = YES;
				CLANG_WARN__DUPLICATE_METHOD_MATCH = YES;
				COPY_PHASE_STRIP = NO;
				DEBUG_INFORMATION_FORMAT = "dwarf-with-dsym";
				ENABLE_NS_ASSERTIONS = NO;
				ENABLE_STRICT_OBJC_MSGSEND = YES;
				GCC_C_LANGUAGE_STANDARD = gnu11;
				GCC_NO_COMMON_BLOCKS = YES;
				GCC_WARN_64_TO_32_BIT_CONVERSION = YES;
				GCC_WARN_ABOUT_RETURN_TYPE = YES_ERROR;
				GCC_WARN_UNDECLARED_SELECTOR = YES;
				GCC_WARN_UNINITIALIZED_AUTOS = YES_AGGRESSIVE;
				GCC_WARN_UNUSED_FUNCTION = YES;
				GCC_WARN_UNUSED_VARIABLE = YES;
				IPHONEOS_DEPLOYMENT_TARGET = 15.2;
				MTL_ENABLE_DEBUG_INFO = NO;
				MTL_FAST_MATH = YES;
				SDKROOT = iphoneos;
				SWIFT_COMPILATION_MODE = wholemodule;
				SWIFT_OPTIMIZATION_LEVEL = "-O";
				VALIDATE_PRODUCT = YES;
			};
			name = Release;
		};
		24E9810827DF5629002EE0D8 /* Debug */ = {
			isa = XCBuildConfiguration;
			buildSettings = {
				ASSETCATALOG_COMPILER_APPICON_NAME = AppIcon;
				ASSETCATALOG_COMPILER_GLOBAL_ACCENT_COLOR_NAME = AccentColor;
				CODE_SIGN_STYLE = Automatic;
				CURRENT_PROJECT_VERSION = 1;
				DEVELOPMENT_ASSET_PATHS = "\"MamamiaSalesBook/Preview Content\"";
				DEVELOPMENT_TEAM = 785654HMG9;
				ENABLE_PREVIEWS = YES;
				GENERATE_INFOPLIST_FILE = YES;
				INFOPLIST_KEY_UIApplicationSceneManifest_Generation = YES;
				INFOPLIST_KEY_UIApplicationSupportsIndirectInputEvents = YES;
				INFOPLIST_KEY_UILaunchScreen_Generation = YES;
				INFOPLIST_KEY_UISupportedInterfaceOrientations = "UIInterfaceOrientationPortrait UIInterfaceOrientationPortraitUpsideDown";
				INFOPLIST_KEY_UISupportedInterfaceOrientations_iPad = "UIInterfaceOrientationPortrait UIInterfaceOrientationPortraitUpsideDown UIInterfaceOrientationLandscapeLeft UIInterfaceOrientationLandscapeRight";
				INFOPLIST_KEY_UISupportedInterfaceOrientations_iPhone = "UIInterfaceOrientationPortrait UIInterfaceOrientationLandscapeLeft UIInterfaceOrientationLandscapeRight";
				LD_RUNPATH_SEARCH_PATHS = (
					"$(inherited)",
					"@executable_path/Frameworks",
				);
				MARKETING_VERSION = 1.0;
				PRODUCT_BUNDLE_IDENTIFIER = "com.one-wheat.shopsales";
				PRODUCT_NAME = "$(TARGET_NAME)";
				SWIFT_EMIT_LOC_STRINGS = YES;
				SWIFT_VERSION = 5.0;
				TARGETED_DEVICE_FAMILY = 1;
			};
			name = Debug;
		};
		24E9810927DF5629002EE0D8 /* Release */ = {
			isa = XCBuildConfiguration;
			buildSettings = {
				ASSETCATALOG_COMPILER_APPICON_NAME = AppIcon;
				ASSETCATALOG_COMPILER_GLOBAL_ACCENT_COLOR_NAME = AccentColor;
				CODE_SIGN_STYLE = Automatic;
				CURRENT_PROJECT_VERSION = 1;
				DEVELOPMENT_ASSET_PATHS = "\"MamamiaSalesBook/Preview Content\"";
				DEVELOPMENT_TEAM = 785654HMG9;
				ENABLE_PREVIEWS = YES;
				GENERATE_INFOPLIST_FILE = YES;
				INFOPLIST_KEY_UIApplicationSceneManifest_Generation = YES;
				INFOPLIST_KEY_UIApplicationSupportsIndirectInputEvents = YES;
				INFOPLIST_KEY_UILaunchScreen_Generation = YES;
				INFOPLIST_KEY_UISupportedInterfaceOrientations = "UIInterfaceOrientationPortrait UIInterfaceOrientationPortraitUpsideDown";
				INFOPLIST_KEY_UISupportedInterfaceOrientations_iPad = "UIInterfaceOrientationPortrait UIInterfaceOrientationPortraitUpsideDown UIInterfaceOrientationLandscapeLeft UIInterfaceOrientationLandscapeRight";
				INFOPLIST_KEY_UISupportedInterfaceOrientations_iPhone = "UIInterfaceOrientationPortrait UIInterfaceOrientationLandscapeLeft UIInterfaceOrientationLandscapeRight";
				LD_RUNPATH_SEARCH_PATHS = (
					"$(inherited)",
					"@executable_path/Frameworks",
				);
				MARKETING_VERSION = 1.0;
				PRODUCT_BUNDLE_IDENTIFIER = "com.one-wheat.shopsales";
				PRODUCT_NAME = "$(TARGET_NAME)";
				SWIFT_EMIT_LOC_STRINGS = YES;
				SWIFT_VERSION = 5.0;
				TARGETED_DEVICE_FAMILY = 1;
			};
			name = Release;
		};
/* End XCBuildConfiguration section */

/* Begin XCConfigurationList section */
		24E980F427DF5627002EE0D8 /* Build configuration list for PBXProject "MamamiaSalesBook" */ = {
			isa = XCConfigurationList;
			buildConfigurations = (
				24E9810527DF5629002EE0D8 /* Debug */,
				24E9810627DF5629002EE0D8 /* Release */,
			);
			defaultConfigurationIsVisible = 0;
			defaultConfigurationName = Release;
		};
		24E9810727DF5629002EE0D8 /* Build configuration list for PBXNativeTarget "MamamiaSalesBook" */ = {
			isa = XCConfigurationList;
			buildConfigurations = (
				24E9810827DF5629002EE0D8 /* Debug */,
				24E9810927DF5629002EE0D8 /* Release */,
			);
			defaultConfigurationIsVisible = 0;
			defaultConfigurationName = Release;
		};
/* End XCConfigurationList section */
	};
	rootObject = 24E980F127DF5627002EE0D8 /* Project object */;
}
